
Microsoft Visual Studio Solution File, Format Version 12.00
# Visual Studio 2012
Project("{FAE04EC0-301F-11D3-BF4B-00C04F79EFBC}") = "AGOLWrapper", "AGOLWrapper\AGOLWrapper.csproj", "{BA77660E-F5DC-4B3B-BB0F-2D6D3C7390CA}"
EndProject
Project("{FAE04EC0-301F-11D3-BF4B-00C04F79EFBC}") = "AShapefileUpload", "AGOLWrapperTest\AShapefileUpload.csproj", "{DADAE6F6-4E10-4179-A4AE-10B2881C5B95}"
EndProject
Project("{FAE04EC0-301F-11D3-BF4B-00C04F79EFBC}") = "BulkUploader", "BulkUploader\BulkUploader.csproj", "{317DF43B-0A15-4E1E-9171-3AC7CCE85CD0}"
EndProject
Project("{FAE04EC0-301F-11D3-BF4B-00C04F79EFBC}") = "CreateItems", "CreateItems\CreateItems.csproj", "{8DCFFA6F-C49F-410F-80FF-B255FE5E6D49}"
EndProject
Project("{FAE04EC0-301F-11D3-BF4B-00C04F79EFBC}") = "IndexServerItems", "IndexServerItems\IndexServerItems.csproj", "{8A3552C3-10A1-49FB-A76E-C15D7FB9D4B1}"
EndProject
Global
	GlobalSection(SolutionConfigurationPlatforms) = preSolution
		Debug|Any CPU = Debug|Any CPU
		Debug|Mixed Platforms = Debug|Mixed Platforms
		Debug|x86 = Debug|x86
		Release|Any CPU = Release|Any CPU
		Release|Mixed Platforms = Release|Mixed Platforms
		Release|x86 = Release|x86
	EndGlobalSection
	GlobalSection(ProjectConfigurationPlatforms) = postSolution
		{BA77660E-F5DC-4B3B-BB0F-2D6D3C7390CA}.Debug|Any CPU.ActiveCfg = Debug|Any CPU
		{BA77660E-F5DC-4B3B-BB0F-2D6D3C7390CA}.Debug|Any CPU.Build.0 = Debug|Any CPU
		{BA77660E-F5DC-4B3B-BB0F-2D6D3C7390CA}.Debug|Mixed Platforms.ActiveCfg = Debug|Any CPU
		{BA77660E-F5DC-4B3B-BB0F-2D6D3C7390CA}.Debug|Mixed Platforms.Build.0 = Debug|Any CPU
		{BA77660E-F5DC-4B3B-BB0F-2D6D3C7390CA}.Debug|x86.ActiveCfg = Debug|Any CPU
		{BA77660E-F5DC-4B3B-BB0F-2D6D3C7390CA}.Release|Any CPU.ActiveCfg = Release|Any CPU
		{BA77660E-F5DC-4B3B-BB0F-2D6D3C7390CA}.Release|Any CPU.Build.0 = Release|Any CPU
		{BA77660E-F5DC-4B3B-BB0F-2D6D3C7390CA}.Release|Mixed Platforms.ActiveCfg = Release|Any CPU
		{BA77660E-F5DC-4B3B-BB0F-2D6D3C7390CA}.Release|Mixed Platforms.Build.0 = Release|Any CPU
		{BA77660E-F5DC-4B3B-BB0F-2D6D3C7390CA}.Release|x86.ActiveCfg = Release|Any CPU
		{DADAE6F6-4E10-4179-A4AE-10B2881C5B95}.Debug|Any CPU.ActiveCfg = Debug|x86
		{DADAE6F6-4E10-4179-A4AE-10B2881C5B95}.Debug|Mixed Platforms.ActiveCfg = Debug|x86
		{DADAE6F6-4E10-4179-A4AE-10B2881C5B95}.Debug|Mixed Platforms.Build.0 = Debug|x86
		{DADAE6F6-4E10-4179-A4AE-10B2881C5B95}.Debug|x86.ActiveCfg = Debug|x86
		{DADAE6F6-4E10-4179-A4AE-10B2881C5B95}.Debug|x86.Build.0 = Debug|x86
		{DADAE6F6-4E10-4179-A4AE-10B2881C5B95}.Release|Any CPU.ActiveCfg = Release|x86
		{DADAE6F6-4E10-4179-A4AE-10B2881C5B95}.Release|Mixed Platforms.ActiveCfg = Release|x86
		{DADAE6F6-4E10-4179-A4AE-10B2881C5B95}.Release|Mixed Platforms.Build.0 = Release|x86
		{DADAE6F6-4E10-4179-A4AE-10B2881C5B95}.Release|x86.ActiveCfg = Release|x86
		{DADAE6F6-4E10-4179-A4AE-10B2881C5B95}.Release|x86.Build.0 = Release|x86
		{317DF43B-0A15-4E1E-9171-3AC7CCE85CD0}.Debug|Any CPU.ActiveCfg = Debug|Any CPU
		{317DF43B-0A15-4E1E-9171-3AC7CCE85CD0}.Debug|Any CPU.Build.0 = Debug|Any CPU
		{317DF43B-0A15-4E1E-9171-3AC7CCE85CD0}.Debug|Mixed Platforms.ActiveCfg = Debug|Any CPU
		{317DF43B-0A15-4E1E-9171-3AC7CCE85CD0}.Debug|Mixed Platforms.Build.0 = Debug|Any CPU
		{317DF43B-0A15-4E1E-9171-3AC7CCE85CD0}.Debug|x86.ActiveCfg = Debug|Any CPU
		{317DF43B-0A15-4E1E-9171-3AC7CCE85CD0}.Release|Any CPU.ActiveCfg = Release|Any CPU
		{317DF43B-0A15-4E1E-9171-3AC7CCE85CD0}.Release|Any CPU.Build.0 = Release|Any CPU
		{317DF43B-0A15-4E1E-9171-3AC7CCE85CD0}.Release|Mixed Platforms.ActiveCfg = Release|Any CPU
		{317DF43B-0A15-4E1E-9171-3AC7CCE85CD0}.Release|Mixed Platforms.Build.0 = Release|Any CPU
		{317DF43B-0A15-4E1E-9171-3AC7CCE85CD0}.Release|x86.ActiveCfg = Release|Any CPU
		{8DCFFA6F-C49F-410F-80FF-B255FE5E6D49}.Debug|Any CPU.ActiveCfg = Debug|Any CPU
		{8DCFFA6F-C49F-410F-80FF-B255FE5E6D49}.Debug|Any CPU.Build.0 = Debug|Any CPU
		{8DCFFA6F-C49F-410F-80FF-B255FE5E6D49}.Debug|Mixed Platforms.ActiveCfg = Debug|Any CPU
		{8DCFFA6F-C49F-410F-80FF-B255FE5E6D49}.Debug|Mixed Platforms.Build.0 = Debug|Any CPU
		{8DCFFA6F-C49F-410F-80FF-B255FE5E6D49}.Debug|x86.ActiveCfg = Debug|Any CPU
		{8DCFFA6F-C49F-410F-80FF-B255FE5E6D49}.Release|Any CPU.ActiveCfg = Release|Any CPU
		{8DCFFA6F-C49F-410F-80FF-B255FE5E6D49}.Release|Any CPU.Build.0 = Release|Any CPU
		{8DCFFA6F-C49F-410F-80FF-B255FE5E6D49}.Release|Mixed Platforms.ActiveCfg = Release|Any CPU
		{8DCFFA6F-C49F-410F-80FF-B255FE5E6D49}.Release|Mixed Platforms.Build.0 = Release|Any CPU
		{8DCFFA6F-C49F-410F-80FF-B255FE5E6D49}.Release|x86.ActiveCfg = Release|Any CPU
		{8A3552C3-10A1-49FB-A76E-C15D7FB9D4B1}.Debug|Any CPU.ActiveCfg = Debug|Any CPU
		{8A3552C3-10A1-49FB-A76E-C15D7FB9D4B1}.Debug|Any CPU.Build.0 = Debug|Any CPU
		{8A3552C3-10A1-49FB-A76E-C15D7FB9D4B1}.Debug|Mixed Platforms.ActiveCfg = Debug|Any CPU
		{8A3552C3-10A1-49FB-A76E-C15D7FB9D4B1}.Debug|Mixed Platforms.Build.0 = Debug|Any CPU
		{8A3552C3-10A1-49FB-A76E-C15D7FB9D4B1}.Debug|x86.ActiveCfg = Debug|Any CPU
		{8A3552C3-10A1-49FB-A76E-C15D7FB9D4B1}.Release|Any CPU.ActiveCfg = Release|Any CPU
		{8A3552C3-10A1-49FB-A76E-C15D7FB9D4B1}.Release|Any CPU.Build.0 = Release|Any CPU
		{8A3552C3-10A1-49FB-A76E-C15D7FB9D4B1}.Release|Mixed Platforms.ActiveCfg = Release|Any CPU
		{8A3552C3-10A1-49FB-A76E-C15D7FB9D4B1}.Release|Mixed Platforms.Build.0 = Release|Any CPU
		{8A3552C3-10A1-49FB-A76E-C15D7FB9D4B1}.Release|x86.ActiveCfg = Release|Any CPU
	EndGlobalSection
	GlobalSection(SolutionProperties) = preSolution
		HideSolutionNode = FALSE
	EndGlobalSection
EndGlobal
